
Microsoft Visual Studio Solution File, Format Version 12.00
# Visual Studio Version 16
VisualStudioVersion = 16.0.30503.244
MinimumVisualStudioVersion = 10.0.40219.1
Project("{FAE04EC0-301F-11D3-BF4B-00C04F79EFBC}") = "Entidades", "Entidades\Entidades.csproj", "{17852B90-29C6-4088-90ED-42333A1C72FE}"
EndProject
Project("{FAE04EC0-301F-11D3-BF4B-00C04F79EFBC}") = "MiCalculadora", "MiCalculadora\MiCalculadora.csproj", "{575327BC-DA91-4791-BCA0-7FE43A043006}"
EndProject
Global
	GlobalSection(SolutionConfigurationPlatforms) = preSolution
		Debug|Any CPU = Debug|Any CPU
		Release|Any CPU = Release|Any CPU
	EndGlobalSection
	GlobalSection(ProjectConfigurationPlatforms) = postSolution
		{17852B90-29C6-4088-90ED-42333A1C72FE}.Debug|Any CPU.ActiveCfg = Debug|Any CPU
		{17852B90-29C6-4088-90ED-42333A1C72FE}.Debug|Any CPU.Build.0 = Debug|Any CPU
		{17852B90-29C6-4088-90ED-42333A1C72FE}.Release|Any CPU.ActiveCfg = Release|Any CPU
		{17852B90-29C6-4088-90ED-42333A1C72FE}.Release|Any CPU.Build.0 = Release|Any CPU
		{575327BC-DA91-4791-BCA0-7FE43A043006}.Debug|Any CPU.ActiveCfg = Debug|Any CPU
		{575327BC-DA91-4791-BCA0-7FE43A043006}.Debug|Any CPU.Build.0 = Debug|Any CPU
		{575327BC-DA91-4791-BCA0-7FE43A043006}.Release|Any CPU.ActiveCfg = Release|Any CPU
		{575327BC-DA91-4791-BCA0-7FE43A043006}.Release|Any CPU.Build.0 = Release|Any CPU
	EndGlobalSection
	GlobalSection(SolutionProperties) = preSolution
		HideSolutionNode = FALSE
	EndGlobalSection
	GlobalSection(ExtensibilityGlobals) = postSolution
		SolutionGuid = {D09BE332-32D2-459B-9F0C-223D54CC4B4C}
	EndGlobalSection
EndGlobal
